<?xml version="1.0" encoding="utf-8"?>
<Project ToolsVersion="4.0" xmlns="http://schemas.microsoft.com/developer/msbuild/2003">
  <ItemGroup>
    <Filter Include="Common">
      <UniqueIdentifier>d64d1eeb-85f1-4c24-bb74-b9dd0425ea4b</UniqueIdentifier>
    </Filter>
    <Filter Include="Assets">
      <UniqueIdentifier>ca1de682-1f98-4984-a044-95e06d47ad7f</UniqueIdentifier>
      <Extensions>ico;cur;bmp;dds;dlg;fbx;rct;bin;rgs;gif;jpg;jpeg;jpe;resx;tga;tiff;tif;png;wav;mfcribbon-ms</Extensions>
    </Filter>
    <Filter Include="Graphics">
      <UniqueIdentifier>{41b1c661-2c37-4b0f-ba7a-2010c19e1d92}</UniqueIdentifier>
    </Filter>
    <Filter Include="Shaders">
      <UniqueIdentifier>{a5f662a6-39df-4931-98c1-86e689432abe}</UniqueIdentifier>
    </Filter>
    <Filter Include="Assets\Fonts">
      <UniqueIdentifier>{7fe73d4c-3f69-4240-81fe-e7b1b95916fa}</UniqueIdentifier>
    </Filter>
  </ItemGroup>
  <ItemGroup>
    <ClInclude Include="pch.h" />
    <ClInclude Include="Game.h" />
    <ClInclude Include="StepTimer.h">
      <Filter>Common</Filter>
    </ClInclude>
    <ClInclude Include="DeviceResources.h">
      <Filter>Common</Filter>
    </ClInclude>
    <ClInclude Include="d3dx12.h">
      <Filter>Common</Filter>
    </ClInclude>
    <ClInclude Include="resource.h" />
    <ClInclude Include="Grid.h">
      <Filter>Graphics</Filter>
    </ClInclude>
    <ClInclude Include="Sphere.h">
      <Filter>Graphics</Filter>
    </ClInclude>
    <ClInclude Include="ShaderTools.h">
      <Filter>Common</Filter>
    </ClInclude>
    <ClInclude Include="Buffers.h" />
    <ClInclude Include="Planet.h">
      <Filter>Graphics</Filter>
    </ClInclude>
    <ClInclude Include="Camera.h" />
    <ClInclude Include="SimplexNoise.h" />
    <ClInclude Include="PlanetRenderer.h" />
    <ClInclude Include="CommitedResource.h" />
    <ClInclude Include="InputLayout.h" />
    <ClInclude Include="Pipeline.h" />
    <ClInclude Include="ComputePipeline.h" />
    <ClInclude Include="FontTools.h">
      <Filter>Common</Filter>
    </ClInclude>
    <ClInclude Include="Text.h" />
    <ClInclude Include="Constants.h">
      <Filter>Common</Filter>
    </ClInclude>
    <ClInclude Include="Globals.h">
      <Filter>Common</Filter>
    </ClInclude>
    <ClInclude Include="Utilities.h">
      <Filter>Common</Filter>
    </ClInclude>
  </ItemGroup>
  <ItemGroup>
    <ClCompile Include="pch.cpp" />
    <ClCompile Include="Game.cpp" />
    <ClCompile Include="Main.cpp" />
    <ClCompile Include="DeviceResources.cpp">
      <Filter>Common</Filter>
    </ClCompile>
    <ClCompile Include="Grid.cpp">
      <Filter>Graphics</Filter>
    </ClCompile>
    <ClCompile Include="Sphere.cpp">
      <Filter>Graphics</Filter>
    </ClCompile>
    <ClCompile Include="Planet.cpp">
      <Filter>Graphics</Filter>
    </ClCompile>
    <ClCompile Include="Camera.cpp" />
    <ClCompile Include="SimplexNoise.cpp" />
    <ClCompile Include="PlanetRenderer.cpp" />
    <ClCompile Include="CommitedResource.cpp" />
    <ClCompile Include="InputLayout.cpp" />
    <ClCompile Include="Pipeline.cpp" />
    <ClCompile Include="ComputePipeline.cpp" />
    <ClCompile Include="ShaderTools.cpp">
      <Filter>Common</Filter>
    </ClCompile>
    <ClCompile Include="FontTools.cpp">
      <Filter>Common</Filter>
    </ClCompile>
    <ClCompile Include="Text.cpp" />
    <ClCompile Include="Globals.cpp">
      <Filter>Common</Filter>
    </ClCompile>
    <ClCompile Include="Utilities.cpp">
      <Filter>Common</Filter>
    </ClCompile>
  </ItemGroup>
  <ItemGroup>
    <ResourceCompile Include="resource.rc" />
  </ItemGroup>
  <ItemGroup>
    <Manifest Include="settings.manifest">
      <Filter>Assets</Filter>
    </Manifest>
  </ItemGroup>
  <ItemGroup>
    <None Include="packages.config" />
    <None Include="SimplexNoise.hlsli">
      <Filter>Shaders</Filter>
    </None>
    <None Include="Constants.hlsli">
      <Filter>Shaders</Filter>
    </None>
    <None Include="Physics.hlsli">
      <Filter>Shaders</Filter>
    </None>
    <None Include="Globals.hlsli">
      <Filter>Shaders</Filter>
    </None>
    <None Include="Models.hlsli">
      <Filter>Shaders</Filter>
    </None>
    <None Include="Functions.hlsli">
      <Filter>Shaders</Filter>
    </None>
    <None Include="Spectra.hlsli">
      <Filter>Shaders</Filter>
    </None>
  </ItemGroup>
  <ItemGroup>
    <Image Include="directx.ico">
      <Filter>Assets</Filter>
    </Image>
  </ItemGroup>
  <ItemGroup>
    <FxCompile Include="SpherePixelShader.hlsl">
      <Filter>Shaders</Filter>
    </FxCompile>
    <FxCompile Include="SphereVertexShader.hlsl">
      <Filter>Shaders</Filter>
    </FxCompile>
    <FxCompile Include="AtmosphereVertexShader.hlsl">
      <Filter>Shaders</Filter>
    </FxCompile>
    <FxCompile Include="AtmospherePixelShader.hlsl">
      <Filter>Shaders</Filter>
    </FxCompile>
    <FxCompile Include="ComputeGravityShader.hlsl">
      <Filter>Shaders</Filter>
    </FxCompile>
    <FxCompile Include="ComputePositionShader.hlsl">
      <Filter>Shaders</Filter>
    </FxCompile>
    <FxCompile Include="SphereSimpleVertexShader.hlsl">
      <Filter>Shaders</Filter>
    </FxCompile>
    <FxCompile Include="SphereSimplePixelShader.hlsl">
      <Filter>Shaders</Filter>
    </FxCompile>
    <FxCompile Include="ComputeCollisionShader.hlsl">
      <Filter>Shaders</Filter>
    </FxCompile>
  </ItemGroup>
  <ItemGroup>
    <CopyFileToFolders Include="..\Assets\Fonts\quicksand_8.spritefont">
      <Filter>Assets\Fonts</Filter>
    </CopyFileToFolders>
    <CopyFileToFolders Include="..\Assets\Fonts\quicksand_10.spritefont">
      <Filter>Assets\Fonts</Filter>
    </CopyFileToFolders>
    <CopyFileToFolders Include="..\Assets\Fonts\quicksand_12.spritefont">
      <Filter>Assets\Fonts</Filter>
    </CopyFileToFolders>
    <CopyFileToFolders Include="..\Assets\Fonts\quicksand_14.spritefont">
      <Filter>Assets\Fonts</Filter>
    </CopyFileToFolders>
    <CopyFileToFolders Include="..\Assets\Fonts\quicksand_16.spritefont">
      <Filter>Assets\Fonts</Filter>
    </CopyFileToFolders>
    <CopyFileToFolders Include="..\Assets\Fonts\quicksand_18.spritefont">
      <Filter>Assets\Fonts</Filter>
    </CopyFileToFolders>
    <CopyFileToFolders Include="..\Assets\Fonts\quicksand_20.spritefont">
      <Filter>Assets\Fonts</Filter>
    </CopyFileToFolders>
    <CopyFileToFolders Include="..\Assets\Fonts\quicksand_22.spritefont">
      <Filter>Assets\Fonts</Filter>
    </CopyFileToFolders>
    <CopyFileToFolders Include="..\Assets\Fonts\quicksand_24.spritefont">
      <Filter>Assets\Fonts</Filter>
    </CopyFileToFolders>
    <CopyFileToFolders Include="..\Assets\Fonts\quicksand_32.spritefont">
      <Filter>Assets\Fonts</Filter>
    </CopyFileToFolders>
    <CopyFileToFolders Include="..\Assets\Fonts\quicksand_48.spritefont">
      <Filter>Assets\Fonts</Filter>
    </CopyFileToFolders>
  </ItemGroup>
</Project>